// !$*UTF8*$!
{
	archiveVersion = 1;
	classes = {
	};
	objectVersion = 50;
	objects = {

/* Begin PBXBuildFile section */
		3C54DE3724167F6B00DA47A2 /* AppDelegate.swift in Sources */ = {isa = PBXBuildFile; fileRef = 3C54DE3624167F6B00DA47A2 /* AppDelegate.swift */; };
		3C54DE3924167F6B00DA47A2 /* SceneDelegate.swift in Sources */ = {isa = PBXBuildFile; fileRef = 3C54DE3824167F6B00DA47A2 /* SceneDelegate.swift */; };
		3C54DE3E24167F6B00DA47A2 /* Main.storyboard in Resources */ = {isa = PBXBuildFile; fileRef = 3C54DE3C24167F6B00DA47A2 /* Main.storyboard */; };
		3C54DE4024167F6D00DA47A2 /* Assets.xcassets in Resources */ = {isa = PBXBuildFile; fileRef = 3C54DE3F24167F6D00DA47A2 /* Assets.xcassets */; };
		3C54DE4324167F6D00DA47A2 /* LaunchScreen.storyboard in Resources */ = {isa = PBXBuildFile; fileRef = 3C54DE4124167F6D00DA47A2 /* LaunchScreen.storyboard */; };
		3C54DE4E24167F6D00DA47A2 /* Xebia_DemoTests.swift in Sources */ = {isa = PBXBuildFile; fileRef = 3C54DE4D24167F6D00DA47A2 /* Xebia_DemoTests.swift */; };
		3C54DE5924167F6D00DA47A2 /* Xebia_DemoUITests.swift in Sources */ = {isa = PBXBuildFile; fileRef = 3C54DE5824167F6D00DA47A2 /* Xebia_DemoUITests.swift */; };
		3C54DE842416FE7500DA47A2 /* Mapping.swift in Sources */ = {isa = PBXBuildFile; fileRef = 3C54DE832416FE7500DA47A2 /* Mapping.swift */; };
		3C54DE862416FE9100DA47A2 /* Mapper.swift in Sources */ = {isa = PBXBuildFile; fileRef = 3C54DE852416FE9100DA47A2 /* Mapper.swift */; };
		3C54DE8B2416FF7200DA47A2 /* Mappable.swift in Sources */ = {isa = PBXBuildFile; fileRef = 3C54DE8A2416FF7200DA47A2 /* Mappable.swift */; };
		3C54DE8E2416FFB700DA47A2 /* Article.swift in Sources */ = {isa = PBXBuildFile; fileRef = 3C54DE8D2416FFB700DA47A2 /* Article.swift */; };
		3C54DE902416FFD700DA47A2 /* Multimedia.swift in Sources */ = {isa = PBXBuildFile; fileRef = 3C54DE8F2416FFD700DA47A2 /* Multimedia.swift */; };
		3C54DE922417002800DA47A2 /* ArticleResponse.swift in Sources */ = {isa = PBXBuildFile; fileRef = 3C54DE912417002800DA47A2 /* ArticleResponse.swift */; };
		3C54DE96241700AA00DA47A2 /* DateFormat.swift in Sources */ = {isa = PBXBuildFile; fileRef = 3C54DE94241700AA00DA47A2 /* DateFormat.swift */; };
		3C54DE9D2417021200DA47A2 /* EndPoints.swift in Sources */ = {isa = PBXBuildFile; fileRef = 3C54DE992417021100DA47A2 /* EndPoints.swift */; };
		3C54DE9E2417021200DA47A2 /* APIError.swift in Sources */ = {isa = PBXBuildFile; fileRef = 3C54DE9A2417021100DA47A2 /* APIError.swift */; };
		3C54DE9F2417021200DA47A2 /* RequestService.swift in Sources */ = {isa = PBXBuildFile; fileRef = 3C54DE9B2417021100DA47A2 /* RequestService.swift */; };
		3C54DEA02417021200DA47A2 /* DownloadImageService.swift in Sources */ = {isa = PBXBuildFile; fileRef = 3C54DE9C2417021200DA47A2 /* DownloadImageService.swift */; };
		3C54DEA32417023000DA47A2 /* Constants.swift in Sources */ = {isa = PBXBuildFile; fileRef = 3C54DEA22417023000DA47A2 /* Constants.swift */; };
		3C54DEA8241702EC00DA47A2 /* Date+Ext.swift in Sources */ = {isa = PBXBuildFile; fileRef = 3C54DEA5241702EC00DA47A2 /* Date+Ext.swift */; };
		3C54DEA9241702EC00DA47A2 /* TableView+Ext.swift in Sources */ = {isa = PBXBuildFile; fileRef = 3C54DEA6241702EC00DA47A2 /* TableView+Ext.swift */; };
		3C54DEAA241702EC00DA47A2 /* Storyboard+Ext.swift in Sources */ = {isa = PBXBuildFile; fileRef = 3C54DEA7241702EC00DA47A2 /* Storyboard+Ext.swift */; };
		3C54DEAC2417030900DA47A2 /* Protocols.swift in Sources */ = {isa = PBXBuildFile; fileRef = 3C54DEAB2417030800DA47A2 /* Protocols.swift */; };
		3C54DEB0241703CD00DA47A2 /* ArticlesViewController.swift in Sources */ = {isa = PBXBuildFile; fileRef = 3C54DEAF241703CD00DA47A2 /* ArticlesViewController.swift */; };
		3C54DEBA241704DF00DA47A2 /* ArticleViewModel.swift in Sources */ = {isa = PBXBuildFile; fileRef = 3C54DEB9241704DF00DA47A2 /* ArticleViewModel.swift */; };
		3C54DEBC2417050900DA47A2 /* ContentTableViewCellViewModel.swift in Sources */ = {isa = PBXBuildFile; fileRef = 3C54DEBB2417050900DA47A2 /* ContentTableViewCellViewModel.swift */; };
		3C54DEBF2417056A00DA47A2 /* ArticleServiceApi.swift in Sources */ = {isa = PBXBuildFile; fileRef = 3C54DEBE2417056A00DA47A2 /* ArticleServiceApi.swift */; };
		3C54DEC22417076700DA47A2 /* ArticleTableViewCell.swift in Sources */ = {isa = PBXBuildFile; fileRef = 3C54DEC02417076700DA47A2 /* ArticleTableViewCell.swift */; };
		3C54DEC32417076700DA47A2 /* ArticleTableViewCell.xib in Resources */ = {isa = PBXBuildFile; fileRef = 3C54DEC12417076700DA47A2 /* ArticleTableViewCell.xib */; };
/* End PBXBuildFile section */

/* Begin PBXContainerItemProxy section */
		3C54DE4A24167F6D00DA47A2 /* PBXContainerItemProxy */ = {
			isa = PBXContainerItemProxy;
			containerPortal = 3C54DE2B24167F6B00DA47A2 /* Project object */;
			proxyType = 1;
			remoteGlobalIDString = 3C54DE3224167F6B00DA47A2;
			remoteInfo = "Xebia Demo";
		};
		3C54DE5524167F6D00DA47A2 /* PBXContainerItemProxy */ = {
			isa = PBXContainerItemProxy;
			containerPortal = 3C54DE2B24167F6B00DA47A2 /* Project object */;
			proxyType = 1;
			remoteGlobalIDString = 3C54DE3224167F6B00DA47A2;
			remoteInfo = "Xebia Demo";
		};
/* End PBXContainerItemProxy section */

/* Begin PBXFileReference section */
		3C54DE3324167F6B00DA47A2 /* Xebia Demo.app */ = {isa = PBXFileReference; explicitFileType = wrapper.application; includeInIndex = 0; path = "Xebia Demo.app"; sourceTree = BUILT_PRODUCTS_DIR; };
		3C54DE3624167F6B00DA47A2 /* AppDelegate.swift */ = {isa = PBXFileReference; lastKnownFileType = sourcecode.swift; path = AppDelegate.swift; sourceTree = "<group>"; };
		3C54DE3824167F6B00DA47A2 /* SceneDelegate.swift */ = {isa = PBXFileReference; lastKnownFileType = sourcecode.swift; path = SceneDelegate.swift; sourceTree = "<group>"; };
		3C54DE3D24167F6B00DA47A2 /* Base */ = {isa = PBXFileReference; lastKnownFileType = file.storyboard; name = Base; path = Base.lproj/Main.storyboard; sourceTree = "<group>"; };
		3C54DE3F24167F6D00DA47A2 /* Assets.xcassets */ = {isa = PBXFileReference; lastKnownFileType = folder.assetcatalog; path = Assets.xcassets; sourceTree = "<group>"; };
		3C54DE4224167F6D00DA47A2 /* Base */ = {isa = PBXFileReference; lastKnownFileType = file.storyboard; name = Base; path = Base.lproj/LaunchScreen.storyboard; sourceTree = "<group>"; };
		3C54DE4424167F6D00DA47A2 /* Info.plist */ = {isa = PBXFileReference; lastKnownFileType = text.plist.xml; path = Info.plist; sourceTree = "<group>"; };
		3C54DE4924167F6D00DA47A2 /* Xebia DemoTests.xctest */ = {isa = PBXFileReference; explicitFileType = wrapper.cfbundle; includeInIndex = 0; path = "Xebia DemoTests.xctest"; sourceTree = BUILT_PRODUCTS_DIR; };
		3C54DE4D24167F6D00DA47A2 /* Xebia_DemoTests.swift */ = {isa = PBXFileReference; lastKnownFileType = sourcecode.swift; path = Xebia_DemoTests.swift; sourceTree = "<group>"; };
		3C54DE4F24167F6D00DA47A2 /* Info.plist */ = {isa = PBXFileReference; lastKnownFileType = text.plist.xml; path = Info.plist; sourceTree = "<group>"; };
		3C54DE5424167F6D00DA47A2 /* Xebia DemoUITests.xctest */ = {isa = PBXFileReference; explicitFileType = wrapper.cfbundle; includeInIndex = 0; path = "Xebia DemoUITests.xctest"; sourceTree = BUILT_PRODUCTS_DIR; };
		3C54DE5824167F6D00DA47A2 /* Xebia_DemoUITests.swift */ = {isa = PBXFileReference; lastKnownFileType = sourcecode.swift; path = Xebia_DemoUITests.swift; sourceTree = "<group>"; };
		3C54DE5A24167F6D00DA47A2 /* Info.plist */ = {isa = PBXFileReference; lastKnownFileType = text.plist.xml; path = Info.plist; sourceTree = "<group>"; };
		3C54DE832416FE7500DA47A2 /* Mapping.swift */ = {isa = PBXFileReference; lastKnownFileType = sourcecode.swift; path = Mapping.swift; sourceTree = "<group>"; };
		3C54DE852416FE9100DA47A2 /* Mapper.swift */ = {isa = PBXFileReference; lastKnownFileType = sourcecode.swift; path = Mapper.swift; sourceTree = "<group>"; };
		3C54DE8A2416FF7200DA47A2 /* Mappable.swift */ = {isa = PBXFileReference; lastKnownFileType = sourcecode.swift; path = Mappable.swift; sourceTree = "<group>"; };
		3C54DE8D2416FFB700DA47A2 /* Article.swift */ = {isa = PBXFileReference; lastKnownFileType = sourcecode.swift; path = Article.swift; sourceTree = "<group>"; };
		3C54DE8F2416FFD700DA47A2 /* Multimedia.swift */ = {isa = PBXFileReference; lastKnownFileType = sourcecode.swift; path = Multimedia.swift; sourceTree = "<group>"; };
		3C54DE912417002800DA47A2 /* ArticleResponse.swift */ = {isa = PBXFileReference; lastKnownFileType = sourcecode.swift; path = ArticleResponse.swift; sourceTree = "<group>"; };
		3C54DE94241700AA00DA47A2 /* DateFormat.swift */ = {isa = PBXFileReference; fileEncoding = 4; lastKnownFileType = sourcecode.swift; path = DateFormat.swift; sourceTree = "<group>"; };
		3C54DE992417021100DA47A2 /* EndPoints.swift */ = {isa = PBXFileReference; fileEncoding = 4; lastKnownFileType = sourcecode.swift; path = EndPoints.swift; sourceTree = "<group>"; };
		3C54DE9A2417021100DA47A2 /* APIError.swift */ = {isa = PBXFileReference; fileEncoding = 4; lastKnownFileType = sourcecode.swift; path = APIError.swift; sourceTree = "<group>"; };
		3C54DE9B2417021100DA47A2 /* RequestService.swift */ = {isa = PBXFileReference; fileEncoding = 4; lastKnownFileType = sourcecode.swift; path = RequestService.swift; sourceTree = "<group>"; };
		3C54DE9C2417021200DA47A2 /* DownloadImageService.swift */ = {isa = PBXFileReference; fileEncoding = 4; lastKnownFileType = sourcecode.swift; path = DownloadImageService.swift; sourceTree = "<group>"; };
		3C54DEA22417023000DA47A2 /* Constants.swift */ = {isa = PBXFileReference; fileEncoding = 4; lastKnownFileType = sourcecode.swift; path = Constants.swift; sourceTree = "<group>"; };
		3C54DEA5241702EC00DA47A2 /* Date+Ext.swift */ = {isa = PBXFileReference; fileEncoding = 4; lastKnownFileType = sourcecode.swift; path = "Date+Ext.swift"; sourceTree = "<group>"; };
		3C54DEA6241702EC00DA47A2 /* TableView+Ext.swift */ = {isa = PBXFileReference; fileEncoding = 4; lastKnownFileType = sourcecode.swift; path = "TableView+Ext.swift"; sourceTree = "<group>"; };
		3C54DEA7241702EC00DA47A2 /* Storyboard+Ext.swift */ = {isa = PBXFileReference; fileEncoding = 4; lastKnownFileType = sourcecode.swift; path = "Storyboard+Ext.swift"; sourceTree = "<group>"; };
		3C54DEAB2417030800DA47A2 /* Protocols.swift */ = {isa = PBXFileReference; fileEncoding = 4; lastKnownFileType = sourcecode.swift; path = Protocols.swift; sourceTree = "<group>"; };
		3C54DEAF241703CD00DA47A2 /* ArticlesViewController.swift */ = {isa = PBXFileReference; lastKnownFileType = sourcecode.swift; path = ArticlesViewController.swift; sourceTree = "<group>"; };
		3C54DEB9241704DF00DA47A2 /* ArticleViewModel.swift */ = {isa = PBXFileReference; lastKnownFileType = sourcecode.swift; path = ArticleViewModel.swift; sourceTree = "<group>"; };
		3C54DEBB2417050900DA47A2 /* ContentTableViewCellViewModel.swift */ = {isa = PBXFileReference; lastKnownFileType = sourcecode.swift; path = ContentTableViewCellViewModel.swift; sourceTree = "<group>"; };
		3C54DEBE2417056A00DA47A2 /* ArticleServiceApi.swift */ = {isa = PBXFileReference; lastKnownFileType = sourcecode.swift; path = ArticleServiceApi.swift; sourceTree = "<group>"; };
		3C54DEC02417076700DA47A2 /* ArticleTableViewCell.swift */ = {isa = PBXFileReference; fileEncoding = 4; lastKnownFileType = sourcecode.swift; path = ArticleTableViewCell.swift; sourceTree = "<group>"; };
		3C54DEC12417076700DA47A2 /* ArticleTableViewCell.xib */ = {isa = PBXFileReference; fileEncoding = 4; lastKnownFileType = file.xib; path = ArticleTableViewCell.xib; sourceTree = "<group>"; };
/* End PBXFileReference section */

/* Begin PBXFrameworksBuildPhase section */
		3C54DE3024167F6B00DA47A2 /* Frameworks */ = {
			isa = PBXFrameworksBuildPhase;
			buildActionMask = 2147483647;
			files = (
			);
			runOnlyForDeploymentPostprocessing = 0;
		};
		3C54DE4624167F6D00DA47A2 /* Frameworks */ = {
			isa = PBXFrameworksBuildPhase;
			buildActionMask = 2147483647;
			files = (
			);
			runOnlyForDeploymentPostprocessing = 0;
		};
		3C54DE5124167F6D00DA47A2 /* Frameworks */ = {
			isa = PBXFrameworksBuildPhase;
			buildActionMask = 2147483647;
			files = (
			);
			runOnlyForDeploymentPostprocessing = 0;
		};
/* End PBXFrameworksBuildPhase section */

/* Begin PBXGroup section */
		3C54DE2A24167F6B00DA47A2 = {
			isa = PBXGroup;
			children = (
				3C54DE3524167F6B00DA47A2 /* Xebia Demo */,
				3C54DE4C24167F6D00DA47A2 /* Xebia DemoTests */,
				3C54DE5724167F6D00DA47A2 /* Xebia DemoUITests */,
				3C54DE3424167F6B00DA47A2 /* Products */,
			);
			sourceTree = "<group>";
		};
		3C54DE3424167F6B00DA47A2 /* Products */ = {
			isa = PBXGroup;
			children = (
				3C54DE3324167F6B00DA47A2 /* Xebia Demo.app */,
				3C54DE4924167F6D00DA47A2 /* Xebia DemoTests.xctest */,
				3C54DE5424167F6D00DA47A2 /* Xebia DemoUITests.xctest */,
			);
			name = Products;
			sourceTree = "<group>";
		};
		3C54DE3524167F6B00DA47A2 /* Xebia Demo */ = {
			isa = PBXGroup;
			children = (
				3C54DEB12417043D00DA47A2 /* Modules */,
				3C54DE662416AAB000DA47A2 /* Reusable */,
				3C54DE3624167F6B00DA47A2 /* AppDelegate.swift */,
				3C54DE3824167F6B00DA47A2 /* SceneDelegate.swift */,
				3C54DE3C24167F6B00DA47A2 /* Main.storyboard */,
				3C54DE3F24167F6D00DA47A2 /* Assets.xcassets */,
				3C54DE4124167F6D00DA47A2 /* LaunchScreen.storyboard */,
				3C54DE4424167F6D00DA47A2 /* Info.plist */,
			);
			path = "Xebia Demo";
			sourceTree = "<group>";
		};
		3C54DE4C24167F6D00DA47A2 /* Xebia DemoTests */ = {
			isa = PBXGroup;
			children = (
				3C54DE4D24167F6D00DA47A2 /* Xebia_DemoTests.swift */,
				3C54DE4F24167F6D00DA47A2 /* Info.plist */,
			);
			path = "Xebia DemoTests";
			sourceTree = "<group>";
		};
		3C54DE5724167F6D00DA47A2 /* Xebia DemoUITests */ = {
			isa = PBXGroup;
			children = (
				3C54DE5824167F6D00DA47A2 /* Xebia_DemoUITests.swift */,
				3C54DE5A24167F6D00DA47A2 /* Info.plist */,
			);
			path = "Xebia DemoUITests";
			sourceTree = "<group>";
		};
		3C54DE662416AAB000DA47A2 /* Reusable */ = {
			isa = PBXGroup;
			children = (
				3C54DEA4241702EC00DA47A2 /* Extensions */,
				3C54DEA12417023000DA47A2 /* Contants */,
				3C54DE982417021100DA47A2 /* Service */,
				3C54DE93241700AA00DA47A2 /* Utility */,
				3C54DE802416FE2500DA47A2 /* JSONMapping */,
			);
			path = Reusable;
			sourceTree = "<group>";
		};
		3C54DE802416FE2500DA47A2 /* JSONMapping */ = {
			isa = PBXGroup;
			children = (
				3C54DE832416FE7500DA47A2 /* Mapping.swift */,
				3C54DE852416FE9100DA47A2 /* Mapper.swift */,
				3C54DE8A2416FF7200DA47A2 /* Mappable.swift */,
			);
			path = JSONMapping;
			sourceTree = "<group>";
		};
		3C54DE8C2416FFAB00DA47A2 /* Models */ = {
			isa = PBXGroup;
			children = (
				3C54DE8D2416FFB700DA47A2 /* Article.swift */,
				3C54DE8F2416FFD700DA47A2 /* Multimedia.swift */,
				3C54DE912417002800DA47A2 /* ArticleResponse.swift */,
			);
			path = Models;
			sourceTree = "<group>";
		};
		3C54DE93241700AA00DA47A2 /* Utility */ = {
			isa = PBXGroup;
			children = (
				3C54DEAB2417030800DA47A2 /* Protocols.swift */,
				3C54DE94241700AA00DA47A2 /* DateFormat.swift */,
			);
			path = Utility;
			sourceTree = "<group>";
		};
		3C54DE982417021100DA47A2 /* Service */ = {
			isa = PBXGroup;
			children = (
				3C54DE992417021100DA47A2 /* EndPoints.swift */,
				3C54DE9A2417021100DA47A2 /* APIError.swift */,
				3C54DE9B2417021100DA47A2 /* RequestService.swift */,
				3C54DE9C2417021200DA47A2 /* DownloadImageService.swift */,
			);
			path = Service;
			sourceTree = "<group>";
		};
		3C54DEA12417023000DA47A2 /* Contants */ = {
			isa = PBXGroup;
			children = (
				3C54DEA22417023000DA47A2 /* Constants.swift */,
			);
			path = Contants;
			sourceTree = "<group>";
		};
		3C54DEA4241702EC00DA47A2 /* Extensions */ = {
			isa = PBXGroup;
			children = (
				3C54DEA5241702EC00DA47A2 /* Date+Ext.swift */,
				3C54DEA6241702EC00DA47A2 /* TableView+Ext.swift */,
				3C54DEA7241702EC00DA47A2 /* Storyboard+Ext.swift */,
			);
			path = Extensions;
			sourceTree = "<group>";
		};
		3C54DEAE241703AC00DA47A2 /* ArticlesViewController */ = {
			isa = PBXGroup;
			children = (
				3C54DEAF241703CD00DA47A2 /* ArticlesViewController.swift */,
			);
			path = ArticlesViewController;
			sourceTree = "<group>";
		};
		3C54DEB12417043D00DA47A2 /* Modules */ = {
			isa = PBXGroup;
			children = (
				3C54DEB22417044600DA47A2 /* ArticleList */,
			);
			path = Modules;
			sourceTree = "<group>";
		};
		3C54DEB22417044600DA47A2 /* ArticleList */ = {
			isa = PBXGroup;
			children = (
				3C54DEBD2417055D00DA47A2 /* ArticleService */,
				3C54DE8C2416FFAB00DA47A2 /* Models */,
				3C54DEB8241704AE00DA47A2 /* ViewModels */,
				3C54DEB32417045200DA47A2 /* Views */,
				3C54DEAE241703AC00DA47A2 /* ArticlesViewController */,
			);
			path = ArticleList;
			sourceTree = "<group>";
		};
		3C54DEB32417045200DA47A2 /* Views */ = {
			isa = PBXGroup;
			children = (
				3C54DEC02417076700DA47A2 /* ArticleTableViewCell.swift */,
				3C54DEC12417076700DA47A2 /* ArticleTableViewCell.xib */,
			);
			path = Views;
			sourceTree = "<group>";
		};
		3C54DEB8241704AE00DA47A2 /* ViewModels */ = {
			isa = PBXGroup;
			children = (
				3C54DEB9241704DF00DA47A2 /* ArticleViewModel.swift */,
				3C54DEBB2417050900DA47A2 /* ContentTableViewCellViewModel.swift */,
			);
			path = ViewModels;
			sourceTree = "<group>";
		};
		3C54DEBD2417055D00DA47A2 /* ArticleService */ = {
			isa = PBXGroup;
			children = (
				3C54DEBE2417056A00DA47A2 /* ArticleServiceApi.swift */,
			);
			path = ArticleService;
			sourceTree = "<group>";
		};
/* End PBXGroup section */

/* Begin PBXNativeTarget section */
		3C54DE3224167F6B00DA47A2 /* Xebia Demo */ = {
			isa = PBXNativeTarget;
			buildConfigurationList = 3C54DE5D24167F6D00DA47A2 /* Build configuration list for PBXNativeTarget "Xebia Demo" */;
			buildPhases = (
				3C54DE2F24167F6B00DA47A2 /* Sources */,
				3C54DE3024167F6B00DA47A2 /* Frameworks */,
				3C54DE3124167F6B00DA47A2 /* Resources */,
			);
			buildRules = (
			);
			dependencies = (
			);
			name = "Xebia Demo";
			productName = "Xebia Demo";
			productReference = 3C54DE3324167F6B00DA47A2 /* Xebia Demo.app */;
			productType = "com.apple.product-type.application";
		};
		3C54DE4824167F6D00DA47A2 /* Xebia DemoTests */ = {
			isa = PBXNativeTarget;
			buildConfigurationList = 3C54DE6024167F6D00DA47A2 /* Build configuration list for PBXNativeTarget "Xebia DemoTests" */;
			buildPhases = (
				3C54DE4524167F6D00DA47A2 /* Sources */,
				3C54DE4624167F6D00DA47A2 /* Frameworks */,
				3C54DE4724167F6D00DA47A2 /* Resources */,
			);
			buildRules = (
			);
			dependencies = (
				3C54DE4B24167F6D00DA47A2 /* PBXTargetDependency */,
			);
			name = "Xebia DemoTests";
			productName = "Xebia DemoTests";
			productReference = 3C54DE4924167F6D00DA47A2 /* Xebia DemoTests.xctest */;
			productType = "com.apple.product-type.bundle.unit-test";
		};
		3C54DE5324167F6D00DA47A2 /* Xebia DemoUITests */ = {
			isa = PBXNativeTarget;
			buildConfigurationList = 3C54DE6324167F6D00DA47A2 /* Build configuration list for PBXNativeTarget "Xebia DemoUITests" */;
			buildPhases = (
				3C54DE5024167F6D00DA47A2 /* Sources */,
				3C54DE5124167F6D00DA47A2 /* Frameworks */,
				3C54DE5224167F6D00DA47A2 /* Resources */,
			);
			buildRules = (
			);
			dependencies = (
				3C54DE5624167F6D00DA47A2 /* PBXTargetDependency */,
			);
			name = "Xebia DemoUITests";
			productName = "Xebia DemoUITests";
			productReference = 3C54DE5424167F6D00DA47A2 /* Xebia DemoUITests.xctest */;
			productType = "com.apple.product-type.bundle.ui-testing";
		};
/* End PBXNativeTarget section */

/* Begin PBXProject section */
		3C54DE2B24167F6B00DA47A2 /* Project object */ = {
			isa = PBXProject;
			attributes = {
				LastSwiftUpdateCheck = 1120;
				LastUpgradeCheck = 1120;
				ORGANIZATIONNAME = "Amol Prakash";
				TargetAttributes = {
					3C54DE3224167F6B00DA47A2 = {
						CreatedOnToolsVersion = 11.2.1;
					};
					3C54DE4824167F6D00DA47A2 = {
						CreatedOnToolsVersion = 11.2.1;
						TestTargetID = 3C54DE3224167F6B00DA47A2;
					};
					3C54DE5324167F6D00DA47A2 = {
						CreatedOnToolsVersion = 11.2.1;
						TestTargetID = 3C54DE3224167F6B00DA47A2;
					};
				};
			};
			buildConfigurationList = 3C54DE2E24167F6B00DA47A2 /* Build configuration list for PBXProject "Xebia Demo" */;
			compatibilityVersion = "Xcode 9.3";
			developmentRegion = en;
			hasScannedForEncodings = 0;
			knownRegions = (
				en,
				Base,
			);
			mainGroup = 3C54DE2A24167F6B00DA47A2;
			productRefGroup = 3C54DE3424167F6B00DA47A2 /* Products */;
			projectDirPath = "";
			projectRoot = "";
			targets = (
				3C54DE3224167F6B00DA47A2 /* Xebia Demo */,
				3C54DE4824167F6D00DA47A2 /* Xebia DemoTests */,
				3C54DE5324167F6D00DA47A2 /* Xebia DemoUITests */,
			);
		};
/* End PBXProject section */

/* Begin PBXResourcesBuildPhase section */
		3C54DE3124167F6B00DA47A2 /* Resources */ = {
			isa = PBXResourcesBuildPhase;
			buildActionMask = 2147483647;
			files = (
				3C54DEC32417076700DA47A2 /* ArticleTableViewCell.xib in Resources */,
				3C54DE4324167F6D00DA47A2 /* LaunchScreen.storyboard in Resources */,
				3C54DE4024167F6D00DA47A2 /* Assets.xcassets in Resources */,
				3C54DE3E24167F6B00DA47A2 /* Main.storyboard in Resources */,
			);
			runOnlyForDeploymentPostprocessing = 0;
		};
		3C54DE4724167F6D00DA47A2 /* Resources */ = {
			isa = PBXResourcesBuildPhase;
			buildActionMask = 2147483647;
			files = (
			);
			runOnlyForDeploymentPostprocessing = 0;
		};
		3C54DE5224167F6D00DA47A2 /* Resources */ = {
			isa = PBXResourcesBuildPhase;
			buildActionMask = 2147483647;
			files = (
			);
			runOnlyForDeploymentPostprocessing = 0;
		};
/* End PBXResourcesBuildPhase section */

/* Begin PBXSourcesBuildPhase section */
		3C54DE2F24167F6B00DA47A2 /* Sources */ = {
			isa = PBXSourcesBuildPhase;
			buildActionMask = 2147483647;
			files = (
				3C54DEA9241702EC00DA47A2 /* TableView+Ext.swift in Sources */,
				3C54DEB0241703CD00DA47A2 /* ArticlesViewController.swift in Sources */,
				3C54DEA02417021200DA47A2 /* DownloadImageService.swift in Sources */,
				3C54DE8E2416FFB700DA47A2 /* Article.swift in Sources */,
				3C54DEC22417076700DA47A2 /* ArticleTableViewCell.swift in Sources */,
				3C54DEA8241702EC00DA47A2 /* Date+Ext.swift in Sources */,
				3C54DEBF2417056A00DA47A2 /* ArticleServiceApi.swift in Sources */,
				3C54DE902416FFD700DA47A2 /* Multimedia.swift in Sources */,
				3C54DE3724167F6B00DA47A2 /* AppDelegate.swift in Sources */,
				3C54DEA32417023000DA47A2 /* Constants.swift in Sources */,
				3C54DEBC2417050900DA47A2 /* ContentTableViewCellViewModel.swift in Sources */,
				3C54DE8B2416FF7200DA47A2 /* Mappable.swift in Sources */,
				3C54DEAC2417030900DA47A2 /* Protocols.swift in Sources */,
				3C54DE9E2417021200DA47A2 /* APIError.swift in Sources */,
				3C54DEAA241702EC00DA47A2 /* Storyboard+Ext.swift in Sources */,
				3C54DE3924167F6B00DA47A2 /* SceneDelegate.swift in Sources */,
				3C54DE842416FE7500DA47A2 /* Mapping.swift in Sources */,
				3C54DE862416FE9100DA47A2 /* Mapper.swift in Sources */,
				3C54DEBA241704DF00DA47A2 /* ArticleViewModel.swift in Sources */,
				3C54DE96241700AA00DA47A2 /* DateFormat.swift in Sources */,
				3C54DE9F2417021200DA47A2 /* RequestService.swift in Sources */,
				3C54DE922417002800DA47A2 /* ArticleResponse.swift in Sources */,
				3C54DE9D2417021200DA47A2 /* EndPoints.swift in Sources */,
			);
			runOnlyForDeploymentPostprocessing = 0;
		};
		3C54DE4524167F6D00DA47A2 /* Sources */ = {
			isa = PBXSourcesBuildPhase;
			buildActionMask = 2147483647;
			files = (
				3C54DE4E24167F6D00DA47A2 /* Xebia_DemoTests.swift in Sources */,
			);
			runOnlyForDeploymentPostprocessing = 0;
		};
		3C54DE5024167F6D00DA47A2 /* Sources */ = {
			isa = PBXSourcesBuildPhase;
			buildActionMask = 2147483647;
			files = (
				3C54DE5924167F6D00DA47A2 /* Xebia_DemoUITests.swift in Sources */,
			);
			runOnlyForDeploymentPostprocessing = 0;
		};
/* End PBXSourcesBuildPhase section */

/* Begin PBXTargetDependency section */
		3C54DE4B24167F6D00DA47A2 /* PBXTargetDependency */ = {
			isa = PBXTargetDependency;
			target = 3C54DE3224167F6B00DA47A2 /* Xebia Demo */;
			targetProxy = 3C54DE4A24167F6D00DA47A2 /* PBXContainerItemProxy */;
		};
		3C54DE5624167F6D00DA47A2 /* PBXTargetDependency */ = {
			isa = PBXTargetDependency;
			target = 3C54DE3224167F6B00DA47A2 /* Xebia Demo */;
			targetProxy = 3C54DE5524167F6D00DA47A2 /* PBXContainerItemProxy */;
		};
/* End PBXTargetDependency section */

/* Begin PBXVariantGroup section */
		3C54DE3C24167F6B00DA47A2 /* Main.storyboard */ = {
			isa = PBXVariantGroup;
			children = (
				3C54DE3D24167F6B00DA47A2 /* Base */,
			);
			name = Main.storyboard;
			sourceTree = "<group>";
		};
		3C54DE4124167F6D00DA47A2 /* LaunchScreen.storyboard */ = {
			isa = PBXVariantGroup;
			children = (
				3C54DE4224167F6D00DA47A2 /* Base */,
			);
			name = LaunchScreen.storyboard;
			sourceTree = "<group>";
		};
/* End PBXVariantGroup section */

/* Begin XCBuildConfiguration section */
		3C54DE5B24167F6D00DA47A2 /* Debug */ = {
			isa = XCBuildConfiguration;
			buildSettings = {
				ALWAYS_SEARCH_USER_PATHS = NO;
				CLANG_ANALYZER_NONNULL = YES;
				CLANG_ANALYZER_NUMBER_OBJECT_CONVERSION = YES_AGGRESSIVE;
				CLANG_CXX_LANGUAGE_STANDARD = "gnu++14";
				CLANG_CXX_LIBRARY = "libc++";
				CLANG_ENABLE_MODULES = YES;
				CLANG_ENABLE_OBJC_ARC = YES;
				CLANG_ENABLE_OBJC_WEAK = YES;
				CLANG_WARN_BLOCK_CAPTURE_AUTORELEASING = YES;
				CLANG_WARN_BOOL_CONVERSION = YES;
				CLANG_WARN_COMMA = YES;
				CLANG_WARN_CONSTANT_CONVERSION = YES;
				CLANG_WARN_DEPRECATED_OBJC_IMPLEMENTATIONS = YES;
				CLANG_WARN_DIRECT_OBJC_ISA_USAGE = YES_ERROR;
				CLANG_WARN_DOCUMENTATION_COMMENTS = YES;
				CLANG_WARN_EMPTY_BODY = YES;
				CLANG_WARN_ENUM_CONVERSION = YES;
				CLANG_WARN_INFINITE_RECURSION = YES;
				CLANG_WARN_INT_CONVERSION = YES;
				CLANG_WARN_NON_LITERAL_NULL_CONVERSION = YES;
				CLANG_WARN_OBJC_IMPLICIT_RETAIN_SELF = YES;
				CLANG_WARN_OBJC_LITERAL_CONVERSION = YES;
				CLANG_WARN_OBJC_ROOT_CLASS = YES_ERROR;
				CLANG_WARN_RANGE_LOOP_ANALYSIS = YES;
				CLANG_WARN_STRICT_PROTOTYPES = YES;
				CLANG_WARN_SUSPICIOUS_MOVE = YES;
				CLANG_WARN_UNGUARDED_AVAILABILITY = YES_AGGRESSIVE;
				CLANG_WARN_UNREACHABLE_CODE = YES;
				CLANG_WARN__DUPLICATE_METHOD_MATCH = YES;
				COPY_PHASE_STRIP = NO;
				DEBUG_INFORMATION_FORMAT = dwarf;
				ENABLE_STRICT_OBJC_MSGSEND = YES;
				ENABLE_TESTABILITY = YES;
				GCC_C_LANGUAGE_STANDARD = gnu11;
				GCC_DYNAMIC_NO_PIC = NO;
				GCC_NO_COMMON_BLOCKS = YES;
				GCC_OPTIMIZATION_LEVEL = 0;
				GCC_PREPROCESSOR_DEFINITIONS = (
					"DEBUG=1",
					"$(inherited)",
				);
				GCC_WARN_64_TO_32_BIT_CONVERSION = YES;
				GCC_WARN_ABOUT_RETURN_TYPE = YES_ERROR;
				GCC_WARN_UNDECLARED_SELECTOR = YES;
				GCC_WARN_UNINITIALIZED_AUTOS = YES_AGGRESSIVE;
				GCC_WARN_UNUSED_FUNCTION = YES;
				GCC_WARN_UNUSED_VARIABLE = YES;
				IPHONEOS_DEPLOYMENT_TARGET = 13.2;
				MTL_ENABLE_DEBUG_INFO = INCLUDE_SOURCE;
				MTL_FAST_MATH = YES;
				ONLY_ACTIVE_ARCH = YES;
				SDKROOT = iphoneos;
				SWIFT_ACTIVE_COMPILATION_CONDITIONS = DEBUG;
				SWIFT_OPTIMIZATION_LEVEL = "-Onone";
			};
			name = Debug;
		};
		3C54DE5C24167F6D00DA47A2 /* Release */ = {
			isa = XCBuildConfiguration;
			buildSettings = {
				ALWAYS_SEARCH_USER_PATHS = NO;
				CLANG_ANALYZER_NONNULL = YES;
				CLANG_ANALYZER_NUMBER_OBJECT_CONVERSION = YES_AGGRESSIVE;
				CLANG_CXX_LANGUAGE_STANDARD = "gnu++14";
				CLANG_CXX_LIBRARY = "libc++";
				CLANG_ENABLE_MODULES = YES;
				CLANG_ENABLE_OBJC_ARC = YES;
				CLANG_ENABLE_OBJC_WEAK = YES;
				CLANG_WARN_BLOCK_CAPTURE_AUTORELEASING = YES;
				CLANG_WARN_BOOL_CONVERSION = YES;
				CLANG_WARN_COMMA = YES;
				CLANG_WARN_CONSTANT_CONVERSION = YES;
				CLANG_WARN_DEPRECATED_OBJC_IMPLEMENTATIONS = YES;
				CLANG_WARN_DIRECT_OBJC_ISA_USAGE = YES_ERROR;
				CLANG_WARN_DOCUMENTATION_COMMENTS = YES;
				CLANG_WARN_EMPTY_BODY = YES;
				CLANG_WARN_ENUM_CONVERSION = YES;
				CLANG_WARN_INFINITE_RECURSION = YES;
				CLANG_WARN_INT_CONVERSION = YES;
				CLANG_WARN_NON_LITERAL_NULL_CONVERSION = YES;
				CLANG_WARN_OBJC_IMPLICIT_RETAIN_SELF = YES;
				CLANG_WARN_OBJC_LITERAL_CONVERSION = YES;
				CLANG_WARN_OBJC_ROOT_CLASS = YES_ERROR;
				CLANG_WARN_RANGE_LOOP_ANALYSIS = YES;
				CLANG_WARN_STRICT_PROTOTYPES = YES;
				CLANG_WARN_SUSPICIOUS_MOVE = YES;
				CLANG_WARN_UNGUARDED_AVAILABILITY = YES_AGGRESSIVE;
				CLANG_WARN_UNREACHABLE_CODE = YES;
				CLANG_WARN__DUPLICATE_METHOD_MATCH = YES;
				COPY_PHASE_STRIP = NO;
				DEBUG_INFORMATION_FORMAT = "dwarf-with-dsym";
				ENABLE_NS_ASSERTIONS = NO;
				ENABLE_STRICT_OBJC_MSGSEND = YES;
				GCC_C_LANGUAGE_STANDARD = gnu11;
				GCC_NO_COMMON_BLOCKS = YES;
				GCC_WARN_64_TO_32_BIT_CONVERSION = YES;
				GCC_WARN_ABOUT_RETURN_TYPE = YES_ERROR;
				GCC_WARN_UNDECLARED_SELECTOR = YES;
				GCC_WARN_UNINITIALIZED_AUTOS = YES_AGGRESSIVE;
				GCC_WARN_UNUSED_FUNCTION = YES;
				GCC_WARN_UNUSED_VARIABLE = YES;
				IPHONEOS_DEPLOYMENT_TARGET = 13.2;
				MTL_ENABLE_DEBUG_INFO = NO;
				MTL_FAST_MATH = YES;
				SDKROOT = iphoneos;
				SWIFT_COMPILATION_MODE = wholemodule;
				SWIFT_OPTIMIZATION_LEVEL = "-O";
				VALIDATE_PRODUCT = YES;
			};
			name = Release;
		};
		3C54DE5E24167F6D00DA47A2 /* Debug */ = {
			isa = XCBuildConfiguration;
			buildSettings = {
				ASSETCATALOG_COMPILER_APPICON_NAME = AppIcon;
				CODE_SIGN_STYLE = Automatic;
				INFOPLIST_FILE = "Xebia Demo/Info.plist";
				LD_RUNPATH_SEARCH_PATHS = (
					"$(inherited)",
					"@executable_path/Frameworks",
				);
				PRODUCT_BUNDLE_IDENTIFIER = "amolprakash.Xebia-Demo";
				PRODUCT_NAME = "$(TARGET_NAME)";
				SWIFT_VERSION = 5.0;
				TARGETED_DEVICE_FAMILY = "1,2";
			};
			name = Debug;
		};
		3C54DE5F24167F6D00DA47A2 /* Release */ = {
			isa = XCBuildConfiguration;
			buildSettings = {
				ASSETCATALOG_COMPILER_APPICON_NAME = AppIcon;
				CODE_SIGN_STYLE = Automatic;
				INFOPLIST_FILE = "Xebia Demo/Info.plist";
				LD_RUNPATH_SEARCH_PATHS = (
					"$(inherited)",
					"@executable_path/Frameworks",
				);
				PRODUCT_BUNDLE_IDENTIFIER = "amolprakash.Xebia-Demo";
				PRODUCT_NAME = "$(TARGET_NAME)";
				SWIFT_VERSION = 5.0;
				TARGETED_DEVICE_FAMILY = "1,2";
			};
			name = Release;
		};
		3C54DE6124167F6D00DA47A2 /* Debug */ = {
			isa = XCBuildConfiguration;
			buildSettings = {
				ALWAYS_EMBED_SWIFT_STANDARD_LIBRARIES = YES;
				BUNDLE_LOADER = "$(TEST_HOST)";
				CODE_SIGN_STYLE = Automatic;
				INFOPLIST_FILE = "Xebia DemoTests/Info.plist";
				IPHONEOS_DEPLOYMENT_TARGET = 13.2;
				LD_RUNPATH_SEARCH_PATHS = (
					"$(inherited)",
					"@executable_path/Frameworks",
					"@loader_path/Frameworks",
				);
				PRODUCT_BUNDLE_IDENTIFIER = "amolprakash.Xebia-DemoTests";
				PRODUCT_NAME = "$(TARGET_NAME)";
				SWIFT_VERSION = 5.0;
				TARGETED_DEVICE_FAMILY = "1,2";
				TEST_HOST = "$(BUILT_PRODUCTS_DIR)/Xebia Demo.app/Xebia Demo";
			};
			name = Debug;
		};
		3C54DE6224167F6D00DA47A2 /* Release */ = {
			isa = XCBuildConfiguration;
			buildSettings = {
				ALWAYS_EMBED_SWIFT_STANDARD_LIBRARIES = YES;
				BUNDLE_LOADER = "$(TEST_HOST)";
				CODE_SIGN_STYLE = Automatic;
				INFOPLIST_FILE = "Xebia DemoTests/Info.plist";
				IPHONEOS_DEPLOYMENT_TARGET = 13.2;
				LD_RUNPATH_SEARCH_PATHS = (
					"$(inherited)",
					"@executable_path/Frameworks",
					"@loader_path/Frameworks",
				);
				PRODUCT_BUNDLE_IDENTIFIER = "amolprakash.Xebia-DemoTests";
				PRODUCT_NAME = "$(TARGET_NAME)";
				SWIFT_VERSION = 5.0;
				TARGETED_DEVICE_FAMILY = "1,2";
				TEST_HOST = "$(BUILT_PRODUCTS_DIR)/Xebia Demo.app/Xebia Demo";
			};
			name = Release;
		};
		3C54DE6424167F6D00DA47A2 /* Debug */ = {
			isa = XCBuildConfiguration;
			buildSettings = {
				ALWAYS_EMBED_SWIFT_STANDARD_LIBRARIES = YES;
				CODE_SIGN_STYLE = Automatic;
				INFOPLIST_FILE = "Xebia DemoUITests/Info.plist";
				LD_RUNPATH_SEARCH_PATHS = (
					"$(inherited)",
					"@executable_path/Frameworks",
					"@loader_path/Frameworks",
				);
				PRODUCT_BUNDLE_IDENTIFIER = "amolprakash.Xebia-DemoUITests";
				PRODUCT_NAME = "$(TARGET_NAME)";
				SWIFT_VERSION = 5.0;
				TARGETED_DEVICE_FAMILY = "1,2";
				TEST_TARGET_NAME = "Xebia Demo";
			};
			name = Debug;
		};
		3C54DE6524167F6D00DA47A2 /* Release */ = {
			isa = XCBuildConfiguration;
			buildSettings = {
				ALWAYS_EMBED_SWIFT_STANDARD_LIBRARIES = YES;
				CODE_SIGN_STYLE = Automatic;
				INFOPLIST_FILE = "Xebia DemoUITests/Info.plist";
				LD_RUNPATH_SEARCH_PATHS = (
					"$(inherited)",
					"@executable_path/Frameworks",
					"@loader_path/Frameworks",
				);
				PRODUCT_BUNDLE_IDENTIFIER = "amolprakash.Xebia-DemoUITests";
				PRODUCT_NAME = "$(TARGET_NAME)";
				SWIFT_VERSION = 5.0;
				TARGETED_DEVICE_FAMILY = "1,2";
				TEST_TARGET_NAME = "Xebia Demo";
			};
			name = Release;
		};
/* End XCBuildConfiguration section */

/* Begin XCConfigurationList section */
		3C54DE2E24167F6B00DA47A2 /* Build configuration list for PBXProject "Xebia Demo" */ = {
			isa = XCConfigurationList;
			buildConfigurations = (
				3C54DE5B24167F6D00DA47A2 /* Debug */,
				3C54DE5C24167F6D00DA47A2 /* Release */,
			);
			defaultConfigurationIsVisible = 0;
			defaultConfigurationName = Release;
		};
		3C54DE5D24167F6D00DA47A2 /* Build configuration list for PBXNativeTarget "Xebia Demo" */ = {
			isa = XCConfigurationList;
			buildConfigurations = (
				3C54DE5E24167F6D00DA47A2 /* Debug */,
				3C54DE5F24167F6D00DA47A2 /* Release */,
			);
			defaultConfigurationIsVisible = 0;
			defaultConfigurationName = Release;
		};
		3C54DE6024167F6D00DA47A2 /* Build configuration list for PBXNativeTarget "Xebia DemoTests" */ = {
			isa = XCConfigurationList;
			buildConfigurations = (
				3C54DE6124167F6D00DA47A2 /* Debug */,
				3C54DE6224167F6D00DA47A2 /* Release */,
			);
			defaultConfigurationIsVisible = 0;
			defaultConfigurationName = Release;
		};
		3C54DE6324167F6D00DA47A2 /* Build configuration list for PBXNativeTarget "Xebia DemoUITests" */ = {
			isa = XCConfigurationList;
			buildConfigurations = (
				3C54DE6424167F6D00DA47A2 /* Debug */,
				3C54DE6524167F6D00DA47A2 /* Release */,
			);
			defaultConfigurationIsVisible = 0;
			defaultConfigurationName = Release;
		};
/* End XCConfigurationList section */
	};
	rootObject = 3C54DE2B24167F6B00DA47A2 /* Project object */;
}
